
Microsoft Visual Studio Solution File, Format Version 12.00
# Visual Studio Version 17
VisualStudioVersion = 17.3.32929.385
MinimumVisualStudioVersion = 10.0.40219.1
Project("{FAE04EC0-301F-11D3-BF4B-00C04F79EFBC}") = "PanelControl", "PanelControl\PanelControl.csproj", "{51E2C889-314A-4D79-9538-260519F49ADB}"
EndProject
Global
	GlobalSection(SolutionConfigurationPlatforms) = preSolution
		Debug|Any CPU = Debug|Any CPU
		Release|Any CPU = Release|Any CPU
	EndGlobalSection
	GlobalSection(ProjectConfigurationPlatforms) = postSolution
		{51E2C889-314A-4D79-9538-260519F49ADB}.Debug|Any CPU.ActiveCfg = Debug|Any CPU
		{51E2C889-314A-4D79-9538-260519F49ADB}.Debug|Any CPU.Build.0 = Debug|Any CPU
		{51E2C889-314A-4D79-9538-260519F49ADB}.Release|Any CPU.ActiveCfg = Release|Any CPU
		{51E2C889-314A-4D79-9538-260519F49ADB}.Release|Any CPU.Build.0 = Release|Any CPU
	EndGlobalSection
	GlobalSection(SolutionProperties) = preSolution
		HideSolutionNode = FALSE
	EndGlobalSection
	GlobalSection(ExtensibilityGlobals) = postSolution
		SolutionGuid = {B0FD6368-0758-465B-8E38-34477885D17C}
	EndGlobalSection
EndGlobal
